github.com/PuerkitoBio/goquery v0.0.0-20180128195650-09540e565986 h1:yGnjHFuk+69m9eyWxCf4FpgoRk0ydjpRFSRFecU9MCA=
github.com/PuerkitoBio/goquery v0.0.0-20180128195650-09540e565986/go.mod h1:T9ezsOHcCrDCgA8aF1Cqr3sSYbO/xgdy8/R/XiIMAhA=
github.com/RadhiFadlillah/go-readability v0.0.0-20180309001606-c5ea8f8edeeb h1:85TqWQRjRIbSgRdGiRJswO6h0TiWJITPkPf6UnbRMjA=
github.com/RadhiFadlillah/go-readability v0.0.0-20180309001606-c5ea8f8edeeb/go.mod h1:O85PMgDnPPdxtlnpDVoCJsZT+xgdcJpJ9dl2q5IdcSA=
github.com/abadojack/whatlanggo v0.0.0-20180210192521-9f160b17f219 h1:BfOdEUaSiHpeKimEhwgTf1x94viEZhJUEbPoLVfPExI=
github.com/abadojack/whatlanggo v0.0.0-20180210192521-9f160b17f219/go.mod h1:JdU7lKuvX8qqAFrjw25JGWCVmbEzBknb3+L69+8BRJo=
github.com/andybalholm/cascadia v0.0.0-20180220184336-901648c87902 h1:+k7WG88qXoAcsZ3kLiWJTpP+tLHyO8ZrJb+s9sz7vqg=
github.com/andybalholm/cascadia v0.0.0-20180220184336-901648c87902/go.mod h1:GsXiBklL0woXo1j/WYWtSYYC4ouU9PqHO0sqidkEA4Y=
github.com/armon/go-metrics v0.0.0-20180221182744-783273d70314 h1:jpSQNQxHcJYxs/ZpBX2p05wPGmF9BKQQKdyg2cCzWeA=
github.com/armon/go-metrics v0.0.0-20180221182744-783273d70314/go.mod h1:Q73ZrmVTwzkszR9V5SSuryQ31EELlFMUz1kKyl939pY=
github.com/certifi/gocertifi v0.0.0-20180118203423-deb3ae2ef261 h1:6/yVvBsKeAw05IUj4AzvrxaCnDjN4nUqKjW9+w5wixg=
github.com/certifi/gocertifi v0.0.0-20180118203423-deb3ae2ef261/go.mod h1:GJKEexRPVJrBSOjoqN5VNOIKJ5Q3RViH6eu3puDRwx4=
github.com/coreos/bbolt v0.0.0-20160818170152-583e8937c61f h1:hD0iE1JoFMNcUeUuYl5xpUR1HsDKgyXB0cWw0whRdu0=
github.com/coreos/bbolt v0.0.0-20160818170152-583e8937c61f/go.mod h1:iRUV2dpdMOn7Bo10OQBFzIJO9kkE559Wcmn+qkEiiKk=
github.com/dimfeld/httppath v0.0.0-20170720192232-ee938bf73598 h1:MGKhKyiYrvMDZsmLR/+RGffQSXwEkXgfLSA08qDn9AI=
github.com/dimfeld/httppath v0.0.0-20170720192232-ee938bf73598/go.mod h1:0FpDmbrt36utu8jEmeU05dPC9AB5tsLYVVi+ZHfyuwI=
github.com/dimfeld/httptreemux v0.0.0-20180213074414-7f532489e773 h1:qYD+nXULPS5VSe2aMyDXEVq3v7hExb4oWi+MmGDwt38=
github.com/dimfeld/httptreemux v0.0.0-20180213074414-7f532489e773/go.mod h1:rbUlSV+CCpv/SuqUTP/8Bk2O3LyUV436/yaRGkhP6Z0=
github.com/getsentry/raven-go v0.0.0-20181128221106-f04e7487e9a6 h1:ERtJBCYVnLkGahUbnUpSN+6udzPqRM+6XSj7F5GshTU=
github.com/getsentry/raven-go v0.0.0-20181128221106-f04e7487e9a6/go.mod h1:KungGk8q33+aIAZUIVWZDr2OfAEBsO49PX4NzFV5kcQ=
github.com/goadesign/goa v0.0.0-20180104233650-fc29b77a218f h1:PZtIhrvHwELwZ2F6/gAy4DOwXkq/6Kdxr6daVJj+1T0=
github.com/goadesign/goa v0.0.0-20180104233650-fc29b77a218f/go.mod h1:d/9lpuZBK7HFi/7O0oXfwvdoIl+nx2bwKqctZe/lQao=
github.com/hashicorp/errwrap v0.0.0-20141028054710-7554cd9344ce h1:prjrVgOk2Yg6w+PflHoszQNLTUh4kaByUcEWM/9uin4=
github.com/hashicorp/errwrap v0.0.0-20141028054710-7554cd9344ce/go.mod h1:YH+1FKiLXxHSkmPseP+kNlulaMuP3n2brvKWEqk/Jc4=
github.com/hashicorp/go-immutable-radix v0.0.0-20180129170900-7f3cd4390caa h1:0nA8i+6Rwqaq9xlpmVxxTwk6rxiEhX+E6Wh4vPNHiS8=
github.com/hashicorp/go-immutable-radix v0.0.0-20180129170900-7f3cd4390caa/go.mod h1:6ij3Z20p+OhOkCSrA0gImAWoHYQRGbnlcuk6XYTiaRw=
github.com/hashicorp/go-multierror v0.0.0-20171204182908-b7773ae21874 h1:em+tTnzgU7N22woTBMcSJAOW7tRHAkK597W+MD/CpK8=
github.com/hashicorp/go-multierror v0.0.0-20171204182908-b7773ae21874/go.mod h1:JMRHfdO9jKNzS/+BTlxCjKNQHg/jZAft8U7LloJvN7I=
github.com/hashicorp/golang-lru v0.0.0-20180201235237-0fb14efe8c47 h1:UnszMmmmm5vLwWzDjTFVIkfhvWF1NdrmChl8L2NUDCw=
github.com/hashicorp/golang-lru v0.0.0-20180201235237-0fb14efe8c47/go.mod h1:/m3WP610KZHVQ1SGc6re/UDhFvYD7pJ4Ao+sR/qLZy8=
github.com/inconshreveable/mousetrap v0.0.0-20141017200713-76626ae9c91c/go.mod h1:PxqpIevigyE2G7u3NXJIT2ANytuPF1OarO4DADm73n8=
github.com/kelseyhightower/envconfig v0.0.0-20170124162813-f611eb38b387 h1:fBpx+/BpbWstU4m+0uYB0YtRWgCXyjp8rxYDyIDMkd4=
github.com/kelseyhightower/envconfig v0.0.0-20170124162813-f611eb38b387/go.mod h1:cccZRl6mQpaq41TPp5QxidR+Sa3axMbJDNb//FQX6Gg=
github.com/manveru/faker v0.0.0-20171103152722-9fbc68a78c4d h1:Zj+PHjnhRYWBK6RqCDBcAhLXoi3TzC27Zad/Vn+gnVQ=
github.com/manveru/faker v0.0.0-20171103152722-9fbc68a78c4d/go.mod h1:WZy8Q5coAB1zhY9AOBJP0O6J4BuDfbupUDavKY+I3+s=
github.com/mmcdole/gofeed v0.0.0-20180103222911-42010a154d24 h1:eP8QwWsC3KrfAxG598ZF56J8KmcsKDJf6WlLtR2OUMw=
github.com/mmcdole/gofeed v0.0.0-20180103222911-42010a154d24/go.mod h1:/BF9JneEL2/flujm8XHoxUcghdTV6vvb3xx/vKyChFU=
github.com/mmcdole/goxpp v0.0.0-20170720115402-77e4a51a73ed h1:I1StLV+Wab/bbfFbrNqwikOhIgMbhqUxVd/a5+NQ8QY=
github.com/mmcdole/goxpp v0.0.0-20170720115402-77e4a51a73ed/go.mod h1:pasqhqstspkosTneA62Nc+2p9SOBBYAPbnmRRWPQ0V8=
github.com/pkg/errors v0.0.0-20160929014801-645ef00459ed h1:7YZJ1xGPxV+y6rSIzEpufIIi0/gJXPbfQ0T01F5CKBk=
github.com/pkg/errors v0.0.0-20160929014801-645ef00459ed/go.mod h1:bwawxfHBFNV+L2hUp1rHADufV3IMtnDRdf1r5NINEl0=
github.com/rakyll/statik v0.0.0-20180803004213-19b88da8fc15 h1:srLGGqTFiFPgO7rqypV9kqY69MWJPuIWagVuS9Y/Is8=
github.com/rakyll/statik v0.0.0-20180803004213-19b88da8fc15/go.mod h1:OEi9wJV/fMUAGx1eNjq75DKDsJVuEv1U0oYdX6GX8Zs=
github.com/rakyll/statik v0.1.5 h1:Ly2UjURzxnsSYS0zI50fZ+srA+Fu7EbpV5hglvJvJG0=
github.com/rakyll/statik v0.1.5/go.mod h1:OEi9wJV/fMUAGx1eNjq75DKDsJVuEv1U0oYdX6GX8Zs=
github.com/rs/zerolog v0.0.0-20180213000527-56a970de5102 h1:BWZYtpWRqj+DXQmYlQXcms7DGIP+gXKmpkVXVTiTjtU=
github.com/rs/zerolog v0.0.0-20180213000527-56a970de5102/go.mod h1:YbFCdg8HfsridGWAh22vktObvhZbQsZXe4/zB0OKkWU=
github.com/satori/go.uuid v0.0.0-20180103174451-36e9d2ebbde5 h1:tfcGHuraNSEY9xRb9ckCMqMD7xAjzrYI1WpD7DA+nz8=
github.com/satori/go.uuid v0.0.0-20180103174451-36e9d2ebbde5/go.mod h1:dA0hQrYB0VpLJoorglMZABFdXlWrHn1NEOzdhQKdks0=
github.com/spf13/cobra v0.0.0-20171012182533-7b2c5ac9fc04 h1:3vvyqGc0vc/yqJV+j+3bgjFBtBQI1tMzxoR3x3cMgL8=
github.com/spf13/cobra v0.0.0-20171012182533-7b2c5ac9fc04/go.mod h1:1l0Ry5zgKvJasoi3XT1TypsSe7PqH0Sj9dhYf7v3XqQ=
github.com/spf13/pflag v0.0.0-20170508184408-e57e3eeb33f7 h1:8bBeoGtqLR+4ojARa8RUvxb26ToS4uopiLugbyLCVfE=
github.com/spf13/pflag v0.0.0-20170508184408-e57e3eeb33f7/go.mod h1:DYY7MBk1bdzusC3SYhjObp+wFpr4gzcvqqNjLnInEg4=
github.com/zach-klippenstein/goregen v0.0.0-20160303162051-795b5e3961ea h1:CyhwejzVGvZ3Q2PSbQ4NRRYn+ZWv5eS1vlaEusT+bAI=
github.com/zach-klippenstein/goregen v0.0.0-20160303162051-795b5e3961ea/go.mod h1:eNr558nEUjP8acGw8FFjTeWvSgU1stO7FAO6eknhHe4=
golang.org/x/net v0.0.0-20180218175443-cbe0f9307d01 h1:po1f06KS05FvIQQA2pMuOWZAUXiy1KYdIf0ElUU2Hhc=
golang.org/x/net v0.0.0-20180218175443-cbe0f9307d01/go.mod h1:mL1N/T3taQHkDXs73rZJwtUhF3w3ftmwwsq0BUmARs4=
golang.org/x/sys v0.0.0-20180224232135-f6cff0780e54/go.mod h1:STP8DvDyc/dI5b8T5hshtkjS+E42TnysNCUPdjciGhY=
golang.org/x/text v0.0.0-20171214130843-f21a4dfb5e38 h1:yr7ItWHARpqySNZjEh5mPMHrw3xPR9tMnomFZVcO1mQ=
golang.org/x/text v0.0.0-20171214130843-f21a4dfb5e38/go.mod h1:NqM8EUOU14njkJ3fqMW+pc6Ldnwhi/IjpwHt7yyuwOQ=
golang.org/x/tools v0.0.0-20181214171254-3c39ce7b6105 h1:kFsnkWrmuEx8NF7fFPXVUvSHzRcmD/9TevF5wNmXizs=
golang.org/x/tools v0.0.0-20181214171254-3c39ce7b6105/go.mod h1:n7NCudcB/nEzxVGmLbDWY5pfWTLqBcC2KZ6jyYvM4mQ=
gopkg.in/check.v1 v0.0.0-20161208181325-20d25e280405/go.mod h1:Co6ibVJAznAaIkqp8huTwlJQCZ016jof/cbN4VW5Yz0=
gopkg.in/yaml.v2 v2.2.2 h1:ZCJp+EgiOT7lHqUV2J862kp8Qj64Jo6az82+3Td9dZw=
gopkg.in/yaml.v2 v2.2.2/go.mod h1:hI93XBmqTisBFMUTm0b8Fm+jr3Dg1NNxqwp+5A1VGuI=
